// !$*UTF8*$!
{
	archiveVersion = 1;
	classes = {
	};
	objectVersion = 46;
	objects = {

/* Begin PBXGroup section */
		92DAEDD11DBB9EB500098CE5 = {
			isa = PBXGroup;
			children = (
			);
			sourceTree = "<group>";
		};
/* End PBXGroup section */

/* Begin PBXProject section */
		92DAEDD21DBB9EB500098CE5 /* Project object */ = {
			isa = PBXProject;
			attributes = {
				LastUpgradeCheck = 0800;
			};
			buildConfigurationList = 92DAEDD51DBB9EB500098CE5 /* Build configuration list for PBXProject "ColorPack" */;
			compatibilityVersion = "Xcode 3.2";
			developmentRegion = English;
			hasScannedForEncodings = 0;
			knownRegions = (
				en,
			);
			mainGroup = 92DAEDD11DBB9EB500098CE5;
			projectDirPath = "";
			projectRoot = "";
			targets = (
			);
		};
/* End PBXProject section */

/* Begin XCBuildConfiguration section */
		92DAEDD61DBB9EB500098CE5 /* Debug */ = {
			isa = XCBuildConfiguration;
			buildSettings = {
			};
			name = Debug;
		};
		92DAEDD71DBB9EB500098CE5 /* Release */ = {
			isa = XCBuildConfiguration;
			buildSettings = {
			};
			name = Release;
		};
/* End XCBuildConfiguration section */

/* Begin XCConfigurationList section */
		92DAEDD51DBB9EB500098CE5 /* Build configuration list for PBXProject "ColorPack" */ = {
			isa = XCConfigurationList;
			buildConfigurations = (
				92DAEDD61DBB9EB500098CE5 /* Debug */,
				92DAEDD71DBB9EB500098CE5 /* Release */,
			);
			defaultConfigurationIsVisible = 0;
			defaultConfigurationName = Release;
		};
/* End XCConfigurationList section */
	};
	rootObject = 92DAEDD21DBB9EB500098CE5 /* Project object */;
}
